// !$*UTF8*$!
{
	archiveVersion = 1;
	classes = {
	};
	objectVersion = 56;
	objects = {

/* Begin PBXBuildFile section */
		D0C04D852959BF8700E4643E /* AppDelegate.swift in Sources */ = {isa = PBXBuildFile; fileRef = D0C04D842959BF8700E4643E /* AppDelegate.swift */; };
		D0C04D872959BF8700E4643E /* SceneDelegate.swift in Sources */ = {isa = PBXBuildFile; fileRef = D0C04D862959BF8700E4643E /* SceneDelegate.swift */; };
		D0C04D892959BF8700E4643E /* RMTabViewController.swift in Sources */ = {isa = PBXBuildFile; fileRef = D0C04D882959BF8700E4643E /* RMTabViewController.swift */; };
		D0C04D8E2959BF8800E4643E /* Assets.xcassets in Resources */ = {isa = PBXBuildFile; fileRef = D0C04D8D2959BF8800E4643E /* Assets.xcassets */; };
		D0C04D912959BF8800E4643E /* LaunchScreen.storyboard in Resources */ = {isa = PBXBuildFile; fileRef = D0C04D8F2959BF8800E4643E /* LaunchScreen.storyboard */; };
		D0C04D9C2959BF8800E4643E /* RickAndMortyTests.swift in Sources */ = {isa = PBXBuildFile; fileRef = D0C04D9B2959BF8800E4643E /* RickAndMortyTests.swift */; };
		D0C04DA62959BF8800E4643E /* RickAndMortyUITests.swift in Sources */ = {isa = PBXBuildFile; fileRef = D0C04DA52959BF8800E4643E /* RickAndMortyUITests.swift */; };
		D0C04DA82959BF8800E4643E /* RickAndMortyUITestsLaunchTests.swift in Sources */ = {isa = PBXBuildFile; fileRef = D0C04DA72959BF8800E4643E /* RickAndMortyUITestsLaunchTests.swift */; };
		D0C04DBC2959F12500E4643E /* RMLocation.swift in Sources */ = {isa = PBXBuildFile; fileRef = D0C04DBB2959F12500E4643E /* RMLocation.swift */; };
		D0C04DBE2959F15600E4643E /* RMCharachter.swift in Sources */ = {isa = PBXBuildFile; fileRef = D0C04DBD2959F15600E4643E /* RMCharachter.swift */; };
		D0C04DC02959F17700E4643E /* RMEpisodes.swift in Sources */ = {isa = PBXBuildFile; fileRef = D0C04DBF2959F17700E4643E /* RMEpisodes.swift */; };
		D0C04DC22959F28C00E4643E /* RMLocationsViewController.swift in Sources */ = {isa = PBXBuildFile; fileRef = D0C04DC12959F28C00E4643E /* RMLocationsViewController.swift */; };
		D0C04DC42959F2A700E4643E /* RMCharactersViewController.swift in Sources */ = {isa = PBXBuildFile; fileRef = D0C04DC32959F2A700E4643E /* RMCharactersViewController.swift */; };
		D0C04DC62959F2BF00E4643E /* RMEpisodesViewController.swift in Sources */ = {isa = PBXBuildFile; fileRef = D0C04DC52959F2BF00E4643E /* RMEpisodesViewController.swift */; };
		D0C04DC82959F2DB00E4643E /* RMSettingsViewController.swift in Sources */ = {isa = PBXBuildFile; fileRef = D0C04DC72959F2DB00E4643E /* RMSettingsViewController.swift */; };
		D0C04DCC2959FEF100E4643E /* RMService.swift in Sources */ = {isa = PBXBuildFile; fileRef = D0C04DCB2959FEF100E4643E /* RMService.swift */; };
		D0C04DCE2959FF1300E4643E /* RMRequest.swift in Sources */ = {isa = PBXBuildFile; fileRef = D0C04DCD2959FF1300E4643E /* RMRequest.swift */; };
		D0C04DD02959FFC600E4643E /* RMEndpoint.swift in Sources */ = {isa = PBXBuildFile; fileRef = D0C04DCF2959FFC600E4643E /* RMEndpoint.swift */; };
		D0C04DD4295DCAA000E4643E /* RMGetAllCharactersResponse.swift in Sources */ = {isa = PBXBuildFile; fileRef = D0C04DD3295DCAA000E4643E /* RMGetAllCharactersResponse.swift */; };
		D0C04DD629606A9700E4643E /* CharacterListViewViewModel.swift in Sources */ = {isa = PBXBuildFile; fileRef = D0C04DD529606A9700E4643E /* CharacterListViewViewModel.swift */; };
		D0C04DD829606C7200E4643E /* CharacterListView.swift in Sources */ = {isa = PBXBuildFile; fileRef = D0C04DD729606C7200E4643E /* CharacterListView.swift */; };
		D0C04DDA296075A600E4643E /* Extensions.swift in Sources */ = {isa = PBXBuildFile; fileRef = D0C04DD9296075A600E4643E /* Extensions.swift */; };
/* End PBXBuildFile section */

/* Begin PBXContainerItemProxy section */
		D0C04D982959BF8800E4643E /* PBXContainerItemProxy */ = {
			isa = PBXContainerItemProxy;
			containerPortal = D0C04D792959BF8700E4643E /* Project object */;
			proxyType = 1;
			remoteGlobalIDString = D0C04D802959BF8700E4643E;
			remoteInfo = RickAndMorty;
		};
		D0C04DA22959BF8800E4643E /* PBXContainerItemProxy */ = {
			isa = PBXContainerItemProxy;
			containerPortal = D0C04D792959BF8700E4643E /* Project object */;
			proxyType = 1;
			remoteGlobalIDString = D0C04D802959BF8700E4643E;
			remoteInfo = RickAndMorty;
		};
/* End PBXContainerItemProxy section */

/* Begin PBXFileReference section */
		D0C04D812959BF8700E4643E /* RickAndMorty.app */ = {isa = PBXFileReference; explicitFileType = wrapper.application; includeInIndex = 0; path = RickAndMorty.app; sourceTree = BUILT_PRODUCTS_DIR; };
		D0C04D842959BF8700E4643E /* AppDelegate.swift */ = {isa = PBXFileReference; lastKnownFileType = sourcecode.swift; path = AppDelegate.swift; sourceTree = "<group>"; };
		D0C04D862959BF8700E4643E /* SceneDelegate.swift */ = {isa = PBXFileReference; lastKnownFileType = sourcecode.swift; path = SceneDelegate.swift; sourceTree = "<group>"; };
		D0C04D882959BF8700E4643E /* RMTabViewController.swift */ = {isa = PBXFileReference; lastKnownFileType = sourcecode.swift; path = RMTabViewController.swift; sourceTree = "<group>"; };
		D0C04D8D2959BF8800E4643E /* Assets.xcassets */ = {isa = PBXFileReference; lastKnownFileType = folder.assetcatalog; path = Assets.xcassets; sourceTree = "<group>"; };
		D0C04D902959BF8800E4643E /* Base */ = {isa = PBXFileReference; lastKnownFileType = file.storyboard; name = Base; path = Base.lproj/LaunchScreen.storyboard; sourceTree = "<group>"; };
		D0C04D922959BF8800E4643E /* Info.plist */ = {isa = PBXFileReference; lastKnownFileType = text.plist.xml; path = Info.plist; sourceTree = "<group>"; };
		D0C04D972959BF8800E4643E /* RickAndMortyTests.xctest */ = {isa = PBXFileReference; explicitFileType = wrapper.cfbundle; includeInIndex = 0; path = RickAndMortyTests.xctest; sourceTree = BUILT_PRODUCTS_DIR; };
		D0C04D9B2959BF8800E4643E /* RickAndMortyTests.swift */ = {isa = PBXFileReference; lastKnownFileType = sourcecode.swift; path = RickAndMortyTests.swift; sourceTree = "<group>"; };
		D0C04DA12959BF8800E4643E /* RickAndMortyUITests.xctest */ = {isa = PBXFileReference; explicitFileType = wrapper.cfbundle; includeInIndex = 0; path = RickAndMortyUITests.xctest; sourceTree = BUILT_PRODUCTS_DIR; };
		D0C04DA52959BF8800E4643E /* RickAndMortyUITests.swift */ = {isa = PBXFileReference; lastKnownFileType = sourcecode.swift; path = RickAndMortyUITests.swift; sourceTree = "<group>"; };
		D0C04DA72959BF8800E4643E /* RickAndMortyUITestsLaunchTests.swift */ = {isa = PBXFileReference; lastKnownFileType = sourcecode.swift; path = RickAndMortyUITestsLaunchTests.swift; sourceTree = "<group>"; };
		D0C04DBB2959F12500E4643E /* RMLocation.swift */ = {isa = PBXFileReference; lastKnownFileType = sourcecode.swift; path = RMLocation.swift; sourceTree = "<group>"; };
		D0C04DBD2959F15600E4643E /* RMCharachter.swift */ = {isa = PBXFileReference; lastKnownFileType = sourcecode.swift; path = RMCharachter.swift; sourceTree = "<group>"; };
		D0C04DBF2959F17700E4643E /* RMEpisodes.swift */ = {isa = PBXFileReference; lastKnownFileType = sourcecode.swift; path = RMEpisodes.swift; sourceTree = "<group>"; };
		D0C04DC12959F28C00E4643E /* RMLocationsViewController.swift */ = {isa = PBXFileReference; lastKnownFileType = sourcecode.swift; path = RMLocationsViewController.swift; sourceTree = "<group>"; };
		D0C04DC32959F2A700E4643E /* RMCharactersViewController.swift */ = {isa = PBXFileReference; lastKnownFileType = sourcecode.swift; path = RMCharactersViewController.swift; sourceTree = "<group>"; };
		D0C04DC52959F2BF00E4643E /* RMEpisodesViewController.swift */ = {isa = PBXFileReference; lastKnownFileType = sourcecode.swift; path = RMEpisodesViewController.swift; sourceTree = "<group>"; };
		D0C04DC72959F2DB00E4643E /* RMSettingsViewController.swift */ = {isa = PBXFileReference; lastKnownFileType = sourcecode.swift; path = RMSettingsViewController.swift; sourceTree = "<group>"; };
		D0C04DCB2959FEF100E4643E /* RMService.swift */ = {isa = PBXFileReference; lastKnownFileType = sourcecode.swift; path = RMService.swift; sourceTree = "<group>"; };
		D0C04DCD2959FF1300E4643E /* RMRequest.swift */ = {isa = PBXFileReference; lastKnownFileType = sourcecode.swift; path = RMRequest.swift; sourceTree = "<group>"; };
		D0C04DCF2959FFC600E4643E /* RMEndpoint.swift */ = {isa = PBXFileReference; lastKnownFileType = sourcecode.swift; path = RMEndpoint.swift; sourceTree = "<group>"; };
		D0C04DD3295DCAA000E4643E /* RMGetAllCharactersResponse.swift */ = {isa = PBXFileReference; lastKnownFileType = sourcecode.swift; path = RMGetAllCharactersResponse.swift; sourceTree = "<group>"; };
		D0C04DD529606A9700E4643E /* CharacterListViewViewModel.swift */ = {isa = PBXFileReference; lastKnownFileType = sourcecode.swift; path = CharacterListViewViewModel.swift; sourceTree = "<group>"; };
		D0C04DD729606C7200E4643E /* CharacterListView.swift */ = {isa = PBXFileReference; lastKnownFileType = sourcecode.swift; path = CharacterListView.swift; sourceTree = "<group>"; };
		D0C04DD9296075A600E4643E /* Extensions.swift */ = {isa = PBXFileReference; lastKnownFileType = sourcecode.swift; path = Extensions.swift; sourceTree = "<group>"; };
/* End PBXFileReference section */

/* Begin PBXFrameworksBuildPhase section */
		D0C04D7E2959BF8700E4643E /* Frameworks */ = {
			isa = PBXFrameworksBuildPhase;
			buildActionMask = 2147483647;
			files = (
			);
			runOnlyForDeploymentPostprocessing = 0;
		};
		D0C04D942959BF8800E4643E /* Frameworks */ = {
			isa = PBXFrameworksBuildPhase;
			buildActionMask = 2147483647;
			files = (
			);
			runOnlyForDeploymentPostprocessing = 0;
		};
		D0C04D9E2959BF8800E4643E /* Frameworks */ = {
			isa = PBXFrameworksBuildPhase;
			buildActionMask = 2147483647;
			files = (
			);
			runOnlyForDeploymentPostprocessing = 0;
		};
/* End PBXFrameworksBuildPhase section */

/* Begin PBXGroup section */
		D0C04D782959BF8700E4643E = {
			isa = PBXGroup;
			children = (
				D0C04D832959BF8700E4643E /* RickAndMorty */,
				D0C04D9A2959BF8800E4643E /* RickAndMortyTests */,
				D0C04DA42959BF8800E4643E /* RickAndMortyUITests */,
				D0C04D822959BF8700E4643E /* Products */,
			);
			sourceTree = "<group>";
		};
		D0C04D822959BF8700E4643E /* Products */ = {
			isa = PBXGroup;
			children = (
				D0C04D812959BF8700E4643E /* RickAndMorty.app */,
				D0C04D972959BF8800E4643E /* RickAndMortyTests.xctest */,
				D0C04DA12959BF8800E4643E /* RickAndMortyUITests.xctest */,
			);
			name = Products;
			sourceTree = "<group>";
		};
		D0C04D832959BF8700E4643E /* RickAndMorty */ = {
			isa = PBXGroup;
			children = (
				D0C04DBA2959F01D00E4643E /* Resources */,
				D0C04DB92959F00B00E4643E /* Managers */,
				D0C04DB82959EFFD00E4643E /* APIClient */,
				D0C04DB72959EF9B00E4643E /* Models */,
				D0C04DB52959EF8A00E4643E /* Views */,
				D0C04DB62959EF9300E4643E /* ViewModels */,
				D0C04DB42959EF8100E4643E /* Contorllers  */,
				D0C04D922959BF8800E4643E /* Info.plist */,
			);
			path = RickAndMorty;
			sourceTree = "<group>";
		};
		D0C04D9A2959BF8800E4643E /* RickAndMortyTests */ = {
			isa = PBXGroup;
			children = (
				D0C04D9B2959BF8800E4643E /* RickAndMortyTests.swift */,
			);
			path = RickAndMortyTests;
			sourceTree = "<group>";
		};
		D0C04DA42959BF8800E4643E /* RickAndMortyUITests */ = {
			isa = PBXGroup;
			children = (
				D0C04DA52959BF8800E4643E /* RickAndMortyUITests.swift */,
				D0C04DA72959BF8800E4643E /* RickAndMortyUITestsLaunchTests.swift */,
			);
			path = RickAndMortyUITests;
			sourceTree = "<group>";
		};
		D0C04DB42959EF8100E4643E /* Contorllers  */ = {
			isa = PBXGroup;
			children = (
				D0C04DCA2959FB1F00E4643E /* Core */,
			);
			path = "Contorllers ";
			sourceTree = "<group>";
		};
		D0C04DB52959EF8A00E4643E /* Views */ = {
			isa = PBXGroup;
			children = (
				D0C04DD729606C7200E4643E /* CharacterListView.swift */,
			);
			path = Views;
			sourceTree = "<group>";
		};
		D0C04DB62959EF9300E4643E /* ViewModels */ = {
			isa = PBXGroup;
			children = (
				D0C04DD529606A9700E4643E /* CharacterListViewViewModel.swift */,
			);
			path = ViewModels;
			sourceTree = "<group>";
		};
		D0C04DB72959EF9B00E4643E /* Models */ = {
			isa = PBXGroup;
			children = (
				D0C04DD2295DCA7B00E4643E /* DataTypesResponse */,
				D0C04DD1295DCA6A00E4643E /* DataTypesModels */,
			);
			path = Models;
			sourceTree = "<group>";
		};
		D0C04DB82959EFFD00E4643E /* APIClient */ = {
			isa = PBXGroup;
			children = (
				D0C04DCB2959FEF100E4643E /* RMService.swift */,
				D0C04DCD2959FF1300E4643E /* RMRequest.swift */,
				D0C04DCF2959FFC600E4643E /* RMEndpoint.swift */,
			);
			path = APIClient;
			sourceTree = "<group>";
		};
		D0C04DB92959F00B00E4643E /* Managers */ = {
			isa = PBXGroup;
			children = (
			);
			path = Managers;
			sourceTree = "<group>";
		};
		D0C04DBA2959F01D00E4643E /* Resources */ = {
			isa = PBXGroup;
			children = (
				D0C04D842959BF8700E4643E /* AppDelegate.swift */,
				D0C04D862959BF8700E4643E /* SceneDelegate.swift */,
				D0C04D8D2959BF8800E4643E /* Assets.xcassets */,
				D0C04D8F2959BF8800E4643E /* LaunchScreen.storyboard */,
				D0C04DD9296075A600E4643E /* Extensions.swift */,
			);
			path = Resources;
			sourceTree = "<group>";
		};
		D0C04DCA2959FB1F00E4643E /* Core */ = {
			isa = PBXGroup;
			children = (
				D0C04D882959BF8700E4643E /* RMTabViewController.swift */,
				D0C04DC32959F2A700E4643E /* RMCharactersViewController.swift */,
				D0C04DC12959F28C00E4643E /* RMLocationsViewController.swift */,
				D0C04DC52959F2BF00E4643E /* RMEpisodesViewController.swift */,
				D0C04DC72959F2DB00E4643E /* RMSettingsViewController.swift */,
			);
			path = Core;
			sourceTree = "<group>";
		};
		D0C04DD1295DCA6A00E4643E /* DataTypesModels */ = {
			isa = PBXGroup;
			children = (
				D0C04DBB2959F12500E4643E /* RMLocation.swift */,
				D0C04DBD2959F15600E4643E /* RMCharachter.swift */,
				D0C04DBF2959F17700E4643E /* RMEpisodes.swift */,
			);
			path = DataTypesModels;
			sourceTree = "<group>";
		};
		D0C04DD2295DCA7B00E4643E /* DataTypesResponse */ = {
			isa = PBXGroup;
			children = (
				D0C04DD3295DCAA000E4643E /* RMGetAllCharactersResponse.swift */,
			);
			path = DataTypesResponse;
			sourceTree = "<group>";
		};
/* End PBXGroup section */

/* Begin PBXNativeTarget section */
		D0C04D802959BF8700E4643E /* RickAndMorty */ = {
			isa = PBXNativeTarget;
			buildConfigurationList = D0C04DAB2959BF8800E4643E /* Build configuration list for PBXNativeTarget "RickAndMorty" */;
			buildPhases = (
				D0C04D7D2959BF8700E4643E /* Sources */,
				D0C04D7E2959BF8700E4643E /* Frameworks */,
				D0C04D7F2959BF8700E4643E /* Resources */,
			);
			buildRules = (
			);
			dependencies = (
			);
			name = RickAndMorty;
			productName = RickAndMorty;
			productReference = D0C04D812959BF8700E4643E /* RickAndMorty.app */;
			productType = "com.apple.product-type.application";
		};
		D0C04D962959BF8800E4643E /* RickAndMortyTests */ = {
			isa = PBXNativeTarget;
			buildConfigurationList = D0C04DAE2959BF8800E4643E /* Build configuration list for PBXNativeTarget "RickAndMortyTests" */;
			buildPhases = (
				D0C04D932959BF8800E4643E /* Sources */,
				D0C04D942959BF8800E4643E /* Frameworks */,
				D0C04D952959BF8800E4643E /* Resources */,
			);
			buildRules = (
			);
			dependencies = (
				D0C04D992959BF8800E4643E /* PBXTargetDependency */,
			);
			name = RickAndMortyTests;
			productName = RickAndMortyTests;
			productReference = D0C04D972959BF8800E4643E /* RickAndMortyTests.xctest */;
			productType = "com.apple.product-type.bundle.unit-test";
		};
		D0C04DA02959BF8800E4643E /* RickAndMortyUITests */ = {
			isa = PBXNativeTarget;
			buildConfigurationList = D0C04DB12959BF8800E4643E /* Build configuration list for PBXNativeTarget "RickAndMortyUITests" */;
			buildPhases = (
				D0C04D9D2959BF8800E4643E /* Sources */,
				D0C04D9E2959BF8800E4643E /* Frameworks */,
				D0C04D9F2959BF8800E4643E /* Resources */,
			);
			buildRules = (
			);
			dependencies = (
				D0C04DA32959BF8800E4643E /* PBXTargetDependency */,
			);
			name = RickAndMortyUITests;
			productName = RickAndMortyUITests;
			productReference = D0C04DA12959BF8800E4643E /* RickAndMortyUITests.xctest */;
			productType = "com.apple.product-type.bundle.ui-testing";
		};
/* End PBXNativeTarget section */

/* Begin PBXProject section */
		D0C04D792959BF8700E4643E /* Project object */ = {
			isa = PBXProject;
			attributes = {
				BuildIndependentTargetsInParallel = 1;
				LastSwiftUpdateCheck = 1410;
				LastUpgradeCheck = 1410;
				TargetAttributes = {
					D0C04D802959BF8700E4643E = {
						CreatedOnToolsVersion = 14.1;
					};
					D0C04D962959BF8800E4643E = {
						CreatedOnToolsVersion = 14.1;
						TestTargetID = D0C04D802959BF8700E4643E;
					};
					D0C04DA02959BF8800E4643E = {
						CreatedOnToolsVersion = 14.1;
						TestTargetID = D0C04D802959BF8700E4643E;
					};
				};
			};
			buildConfigurationList = D0C04D7C2959BF8700E4643E /* Build configuration list for PBXProject "RickAndMorty" */;
			compatibilityVersion = "Xcode 14.0";
			developmentRegion = en;
			hasScannedForEncodings = 0;
			knownRegions = (
				en,
				Base,
			);
			mainGroup = D0C04D782959BF8700E4643E;
			productRefGroup = D0C04D822959BF8700E4643E /* Products */;
			projectDirPath = "";
			projectRoot = "";
			targets = (
				D0C04D802959BF8700E4643E /* RickAndMorty */,
				D0C04D962959BF8800E4643E /* RickAndMortyTests */,
				D0C04DA02959BF8800E4643E /* RickAndMortyUITests */,
			);
		};
/* End PBXProject section */

/* Begin PBXResourcesBuildPhase section */
		D0C04D7F2959BF8700E4643E /* Resources */ = {
			isa = PBXResourcesBuildPhase;
			buildActionMask = 2147483647;
			files = (
				D0C04D912959BF8800E4643E /* LaunchScreen.storyboard in Resources */,
				D0C04D8E2959BF8800E4643E /* Assets.xcassets in Resources */,
			);
			runOnlyForDeploymentPostprocessing = 0;
		};
		D0C04D952959BF8800E4643E /* Resources */ = {
			isa = PBXResourcesBuildPhase;
			buildActionMask = 2147483647;
			files = (
			);
			runOnlyForDeploymentPostprocessing = 0;
		};
		D0C04D9F2959BF8800E4643E /* Resources */ = {
			isa = PBXResourcesBuildPhase;
			buildActionMask = 2147483647;
			files = (
			);
			runOnlyForDeploymentPostprocessing = 0;
		};
/* End PBXResourcesBuildPhase section */

/* Begin PBXSourcesBuildPhase section */
		D0C04D7D2959BF8700E4643E /* Sources */ = {
			isa = PBXSourcesBuildPhase;
			buildActionMask = 2147483647;
			files = (
				D0C04DC62959F2BF00E4643E /* RMEpisodesViewController.swift in Sources */,
				D0C04DBE2959F15600E4643E /* RMCharachter.swift in Sources */,
				D0C04D892959BF8700E4643E /* RMTabViewController.swift in Sources */,
				D0C04DC42959F2A700E4643E /* RMCharactersViewController.swift in Sources */,
				D0C04DD4295DCAA000E4643E /* RMGetAllCharactersResponse.swift in Sources */,
				D0C04DC02959F17700E4643E /* RMEpisodes.swift in Sources */,
				D0C04DD829606C7200E4643E /* CharacterListView.swift in Sources */,
				D0C04D852959BF8700E4643E /* AppDelegate.swift in Sources */,
				D0C04DC82959F2DB00E4643E /* RMSettingsViewController.swift in Sources */,
				D0C04DCC2959FEF100E4643E /* RMService.swift in Sources */,
				D0C04DC22959F28C00E4643E /* RMLocationsViewController.swift in Sources */,
				D0C04DD02959FFC600E4643E /* RMEndpoint.swift in Sources */,
				D0C04D872959BF8700E4643E /* SceneDelegate.swift in Sources */,
				D0C04DCE2959FF1300E4643E /* RMRequest.swift in Sources */,
				D0C04DDA296075A600E4643E /* Extensions.swift in Sources */,
				D0C04DD629606A9700E4643E /* CharacterListViewViewModel.swift in Sources */,
				D0C04DBC2959F12500E4643E /* RMLocation.swift in Sources */,
			);
			runOnlyForDeploymentPostprocessing = 0;
		};
		D0C04D932959BF8800E4643E /* Sources */ = {
			isa = PBXSourcesBuildPhase;
			buildActionMask = 2147483647;
			files = (
				D0C04D9C2959BF8800E4643E /* RickAndMortyTests.swift in Sources */,
			);
			runOnlyForDeploymentPostprocessing = 0;
		};
		D0C04D9D2959BF8800E4643E /* Sources */ = {
			isa = PBXSourcesBuildPhase;
			buildActionMask = 2147483647;
			files = (
				D0C04DA62959BF8800E4643E /* RickAndMortyUITests.swift in Sources */,
				D0C04DA82959BF8800E4643E /* RickAndMortyUITestsLaunchTests.swift in Sources */,
			);
			runOnlyForDeploymentPostprocessing = 0;
		};
/* End PBXSourcesBuildPhase section */

/* Begin PBXTargetDependency section */
		D0C04D992959BF8800E4643E /* PBXTargetDependency */ = {
			isa = PBXTargetDependency;
			target = D0C04D802959BF8700E4643E /* RickAndMorty */;
			targetProxy = D0C04D982959BF8800E4643E /* PBXContainerItemProxy */;
		};
		D0C04DA32959BF8800E4643E /* PBXTargetDependency */ = {
			isa = PBXTargetDependency;
			target = D0C04D802959BF8700E4643E /* RickAndMorty */;
			targetProxy = D0C04DA22959BF8800E4643E /* PBXContainerItemProxy */;
		};
/* End PBXTargetDependency section */

/* Begin PBXVariantGroup section */
		D0C04D8F2959BF8800E4643E /* LaunchScreen.storyboard */ = {
			isa = PBXVariantGroup;
			children = (
				D0C04D902959BF8800E4643E /* Base */,
			);
			name = LaunchScreen.storyboard;
			sourceTree = "<group>";
		};
/* End PBXVariantGroup section */

/* Begin XCBuildConfiguration section */
		D0C04DA92959BF8800E4643E /* Debug */ = {
			isa = XCBuildConfiguration;
			buildSettings = {
				ALWAYS_SEARCH_USER_PATHS = NO;
				CLANG_ANALYZER_NONNULL = YES;
				CLANG_ANALYZER_NUMBER_OBJECT_CONVERSION = YES_AGGRESSIVE;
				CLANG_CXX_LANGUAGE_STANDARD = "gnu++20";
				CLANG_ENABLE_MODULES = YES;
				CLANG_ENABLE_OBJC_ARC = YES;
				CLANG_ENABLE_OBJC_WEAK = YES;
				CLANG_WARN_BLOCK_CAPTURE_AUTORELEASING = YES;
				CLANG_WARN_BOOL_CONVERSION = YES;
				CLANG_WARN_COMMA = YES;
				CLANG_WARN_CONSTANT_CONVERSION = YES;
				CLANG_WARN_DEPRECATED_OBJC_IMPLEMENTATIONS = YES;
				CLANG_WARN_DIRECT_OBJC_ISA_USAGE = YES_ERROR;
				CLANG_WARN_DOCUMENTATION_COMMENTS = YES;
				CLANG_WARN_EMPTY_BODY = YES;
				CLANG_WARN_ENUM_CONVERSION = YES;
				CLANG_WARN_INFINITE_RECURSION = YES;
				CLANG_WARN_INT_CONVERSION = YES;
				CLANG_WARN_NON_LITERAL_NULL_CONVERSION = YES;
				CLANG_WARN_OBJC_IMPLICIT_RETAIN_SELF = YES;
				CLANG_WARN_OBJC_LITERAL_CONVERSION = YES;
				CLANG_WARN_OBJC_ROOT_CLASS = YES_ERROR;
				CLANG_WARN_QUOTED_INCLUDE_IN_FRAMEWORK_HEADER = YES;
				CLANG_WARN_RANGE_LOOP_ANALYSIS = YES;
				CLANG_WARN_STRICT_PROTOTYPES = YES;
				CLANG_WARN_SUSPICIOUS_MOVE = YES;
				CLANG_WARN_UNGUARDED_AVAILABILITY = YES_AGGRESSIVE;
				CLANG_WARN_UNREACHABLE_CODE = YES;
				CLANG_WARN__DUPLICATE_METHOD_MATCH = YES;
				COPY_PHASE_STRIP = NO;
				DEBUG_INFORMATION_FORMAT = dwarf;
				ENABLE_STRICT_OBJC_MSGSEND = YES;
				ENABLE_TESTABILITY = YES;
				GCC_C_LANGUAGE_STANDARD = gnu11;
				GCC_DYNAMIC_NO_PIC = NO;
				GCC_NO_COMMON_BLOCKS = YES;
				GCC_OPTIMIZATION_LEVEL = 0;
				GCC_PREPROCESSOR_DEFINITIONS = (
					"DEBUG=1",
					"$(inherited)",
				);
				GCC_WARN_64_TO_32_BIT_CONVERSION = YES;
				GCC_WARN_ABOUT_RETURN_TYPE = YES_ERROR;
				GCC_WARN_UNDECLARED_SELECTOR = YES;
				GCC_WARN_UNINITIALIZED_AUTOS = YES_AGGRESSIVE;
				GCC_WARN_UNUSED_FUNCTION = YES;
				GCC_WARN_UNUSED_VARIABLE = YES;
				IPHONEOS_DEPLOYMENT_TARGET = 16.1;
				MTL_ENABLE_DEBUG_INFO = INCLUDE_SOURCE;
				MTL_FAST_MATH = YES;
				ONLY_ACTIVE_ARCH = YES;
				SDKROOT = iphoneos;
				SWIFT_ACTIVE_COMPILATION_CONDITIONS = DEBUG;
				SWIFT_OPTIMIZATION_LEVEL = "-Onone";
			};
			name = Debug;
		};
		D0C04DAA2959BF8800E4643E /* Release */ = {
			isa = XCBuildConfiguration;
			buildSettings = {
				ALWAYS_SEARCH_USER_PATHS = NO;
				CLANG_ANALYZER_NONNULL = YES;
				CLANG_ANALYZER_NUMBER_OBJECT_CONVERSION = YES_AGGRESSIVE;
				CLANG_CXX_LANGUAGE_STANDARD = "gnu++20";
				CLANG_ENABLE_MODULES = YES;
				CLANG_ENABLE_OBJC_ARC = YES;
				CLANG_ENABLE_OBJC_WEAK = YES;
				CLANG_WARN_BLOCK_CAPTURE_AUTORELEASING = YES;
				CLANG_WARN_BOOL_CONVERSION = YES;
				CLANG_WARN_COMMA = YES;
				CLANG_WARN_CONSTANT_CONVERSION = YES;
				CLANG_WARN_DEPRECATED_OBJC_IMPLEMENTATIONS = YES;
				CLANG_WARN_DIRECT_OBJC_ISA_USAGE = YES_ERROR;
				CLANG_WARN_DOCUMENTATION_COMMENTS = YES;
				CLANG_WARN_EMPTY_BODY = YES;
				CLANG_WARN_ENUM_CONVERSION = YES;
				CLANG_WARN_INFINITE_RECURSION = YES;
				CLANG_WARN_INT_CONVERSION = YES;
				CLANG_WARN_NON_LITERAL_NULL_CONVERSION = YES;
				CLANG_WARN_OBJC_IMPLICIT_RETAIN_SELF = YES;
				CLANG_WARN_OBJC_LITERAL_CONVERSION = YES;
				CLANG_WARN_OBJC_ROOT_CLASS = YES_ERROR;
				CLANG_WARN_QUOTED_INCLUDE_IN_FRAMEWORK_HEADER = YES;
				CLANG_WARN_RANGE_LOOP_ANALYSIS = YES;
				CLANG_WARN_STRICT_PROTOTYPES = YES;
				CLANG_WARN_SUSPICIOUS_MOVE = YES;
				CLANG_WARN_UNGUARDED_AVAILABILITY = YES_AGGRESSIVE;
				CLANG_WARN_UNREACHABLE_CODE = YES;
				CLANG_WARN__DUPLICATE_METHOD_MATCH = YES;
				COPY_PHASE_STRIP = NO;
				DEBUG_INFORMATION_FORMAT = "dwarf-with-dsym";
				ENABLE_NS_ASSERTIONS = NO;
				ENABLE_STRICT_OBJC_MSGSEND = YES;
				GCC_C_LANGUAGE_STANDARD = gnu11;
				GCC_NO_COMMON_BLOCKS = YES;
				GCC_WARN_64_TO_32_BIT_CONVERSION = YES;
				GCC_WARN_ABOUT_RETURN_TYPE = YES_ERROR;
				GCC_WARN_UNDECLARED_SELECTOR = YES;
				GCC_WARN_UNINITIALIZED_AUTOS = YES_AGGRESSIVE;
				GCC_WARN_UNUSED_FUNCTION = YES;
				GCC_WARN_UNUSED_VARIABLE = YES;
				IPHONEOS_DEPLOYMENT_TARGET = 16.1;
				MTL_ENABLE_DEBUG_INFO = NO;
				MTL_FAST_MATH = YES;
				SDKROOT = iphoneos;
				SWIFT_COMPILATION_MODE = wholemodule;
				SWIFT_OPTIMIZATION_LEVEL = "-O";
				VALIDATE_PRODUCT = YES;
			};
			name = Release;
		};
		D0C04DAC2959BF8800E4643E /* Debug */ = {
			isa = XCBuildConfiguration;
			buildSettings = {
				ASSETCATALOG_COMPILER_APPICON_NAME = AppIcon;
				ASSETCATALOG_COMPILER_GLOBAL_ACCENT_COLOR_NAME = AccentColor;
				CODE_SIGN_STYLE = Automatic;
				CURRENT_PROJECT_VERSION = 1;
				DEVELOPMENT_TEAM = 85B85WR878;
				GENERATE_INFOPLIST_FILE = YES;
				INFOPLIST_FILE = RickAndMorty/Info.plist;
				INFOPLIST_KEY_UIApplicationSupportsIndirectInputEvents = YES;
				INFOPLIST_KEY_UILaunchStoryboardName = LaunchScreen;
				INFOPLIST_KEY_UISupportedInterfaceOrientations_iPad = "UIInterfaceOrientationPortrait UIInterfaceOrientationPortraitUpsideDown UIInterfaceOrientationLandscapeLeft UIInterfaceOrientationLandscapeRight";
				INFOPLIST_KEY_UISupportedInterfaceOrientations_iPhone = "UIInterfaceOrientationPortrait UIInterfaceOrientationLandscapeLeft UIInterfaceOrientationLandscapeRight";
				LD_RUNPATH_SEARCH_PATHS = (
					"$(inherited)",
					"@executable_path/Frameworks",
				);
				MARKETING_VERSION = 1.0;
				PRODUCT_BUNDLE_IDENTIFIER = "amjad.oudeh88-gmail.com.RickAndMorty";
				PRODUCT_NAME = "$(TARGET_NAME)";
				SWIFT_EMIT_LOC_STRINGS = YES;
				SWIFT_VERSION = 5.0;
				TARGETED_DEVICE_FAMILY = "1,2";
			};
			name = Debug;
		};
		D0C04DAD2959BF8800E4643E /* Release */ = {
			isa = XCBuildConfiguration;
			buildSettings = {
				ASSETCATALOG_COMPILER_APPICON_NAME = AppIcon;
				ASSETCATALOG_COMPILER_GLOBAL_ACCENT_COLOR_NAME = AccentColor;
				CODE_SIGN_STYLE = Automatic;
				CURRENT_PROJECT_VERSION = 1;
				DEVELOPMENT_TEAM = 85B85WR878;
				GENERATE_INFOPLIST_FILE = YES;
				INFOPLIST_FILE = RickAndMorty/Info.plist;
				INFOPLIST_KEY_UIApplicationSupportsIndirectInputEvents = YES;
				INFOPLIST_KEY_UILaunchStoryboardName = LaunchScreen;
				INFOPLIST_KEY_UISupportedInterfaceOrientations_iPad = "UIInterfaceOrientationPortrait UIInterfaceOrientationPortraitUpsideDown UIInterfaceOrientationLandscapeLeft UIInterfaceOrientationLandscapeRight";
				INFOPLIST_KEY_UISupportedInterfaceOrientations_iPhone = "UIInterfaceOrientationPortrait UIInterfaceOrientationLandscapeLeft UIInterfaceOrientationLandscapeRight";
				LD_RUNPATH_SEARCH_PATHS = (
					"$(inherited)",
					"@executable_path/Frameworks",
				);
				MARKETING_VERSION = 1.0;
				PRODUCT_BUNDLE_IDENTIFIER = "amjad.oudeh88-gmail.com.RickAndMorty";
				PRODUCT_NAME = "$(TARGET_NAME)";
				SWIFT_EMIT_LOC_STRINGS = YES;
				SWIFT_VERSION = 5.0;
				TARGETED_DEVICE_FAMILY = "1,2";
			};
			name = Release;
		};
		D0C04DAF2959BF8800E4643E /* Debug */ = {
			isa = XCBuildConfiguration;
			buildSettings = {
				ALWAYS_EMBED_SWIFT_STANDARD_LIBRARIES = YES;
				BUNDLE_LOADER = "$(TEST_HOST)";
				CODE_SIGN_STYLE = Automatic;
				CURRENT_PROJECT_VERSION = 1;
				DEVELOPMENT_TEAM = 85B85WR878;
				GENERATE_INFOPLIST_FILE = YES;
				IPHONEOS_DEPLOYMENT_TARGET = 16.1;
				MARKETING_VERSION = 1.0;
				PRODUCT_BUNDLE_IDENTIFIER = "amjad.oudeh88-gmail.com.RickAndMortyTests";
				PRODUCT_NAME = "$(TARGET_NAME)";
				SWIFT_EMIT_LOC_STRINGS = NO;
				SWIFT_VERSION = 5.0;
				TARGETED_DEVICE_FAMILY = "1,2";
				TEST_HOST = "$(BUILT_PRODUCTS_DIR)/RickAndMorty.app/$(BUNDLE_EXECUTABLE_FOLDER_PATH)/RickAndMorty";
			};
			name = Debug;
		};
		D0C04DB02959BF8800E4643E /* Release */ = {
			isa = XCBuildConfiguration;
			buildSettings = {
				ALWAYS_EMBED_SWIFT_STANDARD_LIBRARIES = YES;
				BUNDLE_LOADER = "$(TEST_HOST)";
				CODE_SIGN_STYLE = Automatic;
				CURRENT_PROJECT_VERSION = 1;
				DEVELOPMENT_TEAM = 85B85WR878;
				GENERATE_INFOPLIST_FILE = YES;
				IPHONEOS_DEPLOYMENT_TARGET = 16.1;
				MARKETING_VERSION = 1.0;
				PRODUCT_BUNDLE_IDENTIFIER = "amjad.oudeh88-gmail.com.RickAndMortyTests";
				PRODUCT_NAME = "$(TARGET_NAME)";
				SWIFT_EMIT_LOC_STRINGS = NO;
				SWIFT_VERSION = 5.0;
				TARGETED_DEVICE_FAMILY = "1,2";
				TEST_HOST = "$(BUILT_PRODUCTS_DIR)/RickAndMorty.app/$(BUNDLE_EXECUTABLE_FOLDER_PATH)/RickAndMorty";
			};
			name = Release;
		};
		D0C04DB22959BF8800E4643E /* Debug */ = {
			isa = XCBuildConfiguration;
			buildSettings = {
				ALWAYS_EMBED_SWIFT_STANDARD_LIBRARIES = YES;
				CODE_SIGN_STYLE = Automatic;
				CURRENT_PROJECT_VERSION = 1;
				DEVELOPMENT_TEAM = 85B85WR878;
				GENERATE_INFOPLIST_FILE = YES;
				MARKETING_VERSION = 1.0;
				PRODUCT_BUNDLE_IDENTIFIER = "amjad.oudeh88-gmail.com.RickAndMortyUITests";
				PRODUCT_NAME = "$(TARGET_NAME)";
				SWIFT_EMIT_LOC_STRINGS = NO;
				SWIFT_VERSION = 5.0;
				TARGETED_DEVICE_FAMILY = "1,2";
				TEST_TARGET_NAME = RickAndMorty;
			};
			name = Debug;
		};
		D0C04DB32959BF8800E4643E /* Release */ = {
			isa = XCBuildConfiguration;
			buildSettings = {
				ALWAYS_EMBED_SWIFT_STANDARD_LIBRARIES = YES;
				CODE_SIGN_STYLE = Automatic;
				CURRENT_PROJECT_VERSION = 1;
				DEVELOPMENT_TEAM = 85B85WR878;
				GENERATE_INFOPLIST_FILE = YES;
				MARKETING_VERSION = 1.0;
				PRODUCT_BUNDLE_IDENTIFIER = "amjad.oudeh88-gmail.com.RickAndMortyUITests";
				PRODUCT_NAME = "$(TARGET_NAME)";
				SWIFT_EMIT_LOC_STRINGS = NO;
				SWIFT_VERSION = 5.0;
				TARGETED_DEVICE_FAMILY = "1,2";
				TEST_TARGET_NAME = RickAndMorty;
			};
			name = Release;
		};
/* End XCBuildConfiguration section */

/* Begin XCConfigurationList section */
		D0C04D7C2959BF8700E4643E /* Build configuration list for PBXProject "RickAndMorty" */ = {
			isa = XCConfigurationList;
			buildConfigurations = (
				D0C04DA92959BF8800E4643E /* Debug */,
				D0C04DAA2959BF8800E4643E /* Release */,
			);
			defaultConfigurationIsVisible = 0;
			defaultConfigurationName = Release;
		};
		D0C04DAB2959BF8800E4643E /* Build configuration list for PBXNativeTarget "RickAndMorty" */ = {
			isa = XCConfigurationList;
			buildConfigurations = (
				D0C04DAC2959BF8800E4643E /* Debug */,
				D0C04DAD2959BF8800E4643E /* Release */,
			);
			defaultConfigurationIsVisible = 0;
			defaultConfigurationName = Release;
		};
		D0C04DAE2959BF8800E4643E /* Build configuration list for PBXNativeTarget "RickAndMortyTests" */ = {
			isa = XCConfigurationList;
			buildConfigurations = (
				D0C04DAF2959BF8800E4643E /* Debug */,
				D0C04DB02959BF8800E4643E /* Release */,
			);
			defaultConfigurationIsVisible = 0;
			defaultConfigurationName = Release;
		};
		D0C04DB12959BF8800E4643E /* Build configuration list for PBXNativeTarget "RickAndMortyUITests" */ = {
			isa = XCConfigurationList;
			buildConfigurations = (
				D0C04DB22959BF8800E4643E /* Debug */,
				D0C04DB32959BF8800E4643E /* Release */,
			);
			defaultConfigurationIsVisible = 0;
			defaultConfigurationName = Release;
		};
/* End XCConfigurationList section */
	};
	rootObject = D0C04D792959BF8700E4643E /* Project object */;
}
